
Microsoft Visual Studio Solution File, Format Version 12.00
# Visual Studio 15
VisualStudioVersion = 15.0.27703.2026
MinimumVisualStudioVersion = 10.0.40219.1
Project("{F184B08F-C81C-45F6-A57F-5ABD9991F28F}") = "PuntoVenta", "PuntoVenta\PuntoVenta.vbproj", "{F32BCF6D-7270-4174-93DD-AF6B4853C589}"
EndProject
Project("{F184B08F-C81C-45F6-A57F-5ABD9991F28F}") = "Connection", "Connection\Connection.vbproj", "{8B3E2622-6EE4-4919-9F1C-5C1572AB243B}"
EndProject
Project("{F184B08F-C81C-45F6-A57F-5ABD9991F28F}") = "Business", "Business\Business.vbproj", "{6D3353FD-1949-4361-A7B0-0D09CC217F6D}"
EndProject
Project("{F184B08F-C81C-45F6-A57F-5ABD9991F28F}") = "Inventario", "Inventario\Inventario.vbproj", "{EF4DECFB-9C30-4A62-ABA8-32EF707EA7ED}"
EndProject
Project("{F184B08F-C81C-45F6-A57F-5ABD9991F28F}") = "Compras", "Compras\Compras.vbproj", "{563F6397-72E6-4C03-AD8E-49BEE03EB761}"
EndProject
Project("{54435603-DBB4-11D2-8724-00A0C9A8B90C}") = "InstaladorPuntoVenta", "InstaladorPuntoVenta\InstaladorPuntoVenta.vdproj", "{6E7AED5D-8E05-4F0A-BF6F-14D753731C39}"
EndProject
Project("{54435603-DBB4-11D2-8724-00A0C9A8B90C}") = "InstaladorCompras", "InstaladorCompras\InstaladorCompras.vdproj", "{9D4BF127-D11F-4102-B94F-FE8AE1016412}"
EndProject
Project("{54435603-DBB4-11D2-8724-00A0C9A8B90C}") = "InstaladorInventario", "InstaladorInventario\InstaladorInventario.vdproj", "{4CFA6A58-CE47-4B65-84B6-83B3A8D2FB56}"
EndProject
Project("{54435603-DBB4-11D2-8724-00A0C9A8B90C}") = "InstaladorPuntoVenta32", "InstaladorPuntoVenta32\InstaladorPuntoVenta32.vdproj", "{517D6336-F902-49F6-86C1-49AE7868E4A5}"
EndProject
Project("{54435603-DBB4-11D2-8724-00A0C9A8B90C}") = "InstladorCompras32", "InstladorCompras32\InstladorCompras32.vdproj", "{7E77C56E-172B-40C1-B042-DD943237CBCF}"
EndProject
Project("{54435603-DBB4-11D2-8724-00A0C9A8B90C}") = "InstaladorInventario32", "InstaladorInventario32\InstaladorInventario32.vdproj", "{8920F586-0FC0-4532-8DFC-22D40ECA9DE3}"
EndProject
Global
	GlobalSection(SolutionConfigurationPlatforms) = preSolution
		Debug|Any CPU = Debug|Any CPU
		Debug|Mixed Platforms = Debug|Mixed Platforms
		Debug|x64 = Debug|x64
		Debug|x86 = Debug|x86
		DefaultBuild|Any CPU = DefaultBuild|Any CPU
		DefaultBuild|Mixed Platforms = DefaultBuild|Mixed Platforms
		DefaultBuild|x64 = DefaultBuild|x64
		DefaultBuild|x86 = DefaultBuild|x86
		Release|Any CPU = Release|Any CPU
		Release|Mixed Platforms = Release|Mixed Platforms
		Release|x64 = Release|x64
		Release|x86 = Release|x86
	EndGlobalSection
	GlobalSection(ProjectConfigurationPlatforms) = postSolution
		{F32BCF6D-7270-4174-93DD-AF6B4853C589}.Debug|Any CPU.ActiveCfg = Debug|x86
		{F32BCF6D-7270-4174-93DD-AF6B4853C589}.Debug|Any CPU.Build.0 = Debug|x86
		{F32BCF6D-7270-4174-93DD-AF6B4853C589}.Debug|Mixed Platforms.ActiveCfg = Debug|x86
		{F32BCF6D-7270-4174-93DD-AF6B4853C589}.Debug|Mixed Platforms.Build.0 = Debug|x86
		{F32BCF6D-7270-4174-93DD-AF6B4853C589}.Debug|x64.ActiveCfg = Debug|x86
		{F32BCF6D-7270-4174-93DD-AF6B4853C589}.Debug|x64.Build.0 = Debug|x86
		{F32BCF6D-7270-4174-93DD-AF6B4853C589}.Debug|x86.ActiveCfg = Debug|x86
		{F32BCF6D-7270-4174-93DD-AF6B4853C589}.Debug|x86.Build.0 = Debug|x86
		{F32BCF6D-7270-4174-93DD-AF6B4853C589}.DefaultBuild|Any CPU.ActiveCfg = Release|x86
		{F32BCF6D-7270-4174-93DD-AF6B4853C589}.DefaultBuild|Any CPU.Build.0 = Release|x86
		{F32BCF6D-7270-4174-93DD-AF6B4853C589}.DefaultBuild|Mixed Platforms.ActiveCfg = Debug|x86
		{F32BCF6D-7270-4174-93DD-AF6B4853C589}.DefaultBuild|Mixed Platforms.Build.0 = Debug|x86
		{F32BCF6D-7270-4174-93DD-AF6B4853C589}.DefaultBuild|x64.ActiveCfg = Release|x86
		{F32BCF6D-7270-4174-93DD-AF6B4853C589}.DefaultBuild|x64.Build.0 = Release|x86
		{F32BCF6D-7270-4174-93DD-AF6B4853C589}.DefaultBuild|x86.ActiveCfg = Debug|x86
		{F32BCF6D-7270-4174-93DD-AF6B4853C589}.DefaultBuild|x86.Build.0 = Debug|x86
		{F32BCF6D-7270-4174-93DD-AF6B4853C589}.Release|Any CPU.ActiveCfg = Release|x86
		{F32BCF6D-7270-4174-93DD-AF6B4853C589}.Release|Mixed Platforms.ActiveCfg = Release|x86
		{F32BCF6D-7270-4174-93DD-AF6B4853C589}.Release|Mixed Platforms.Build.0 = Release|x86
		{F32BCF6D-7270-4174-93DD-AF6B4853C589}.Release|x64.ActiveCfg = Release|x86
		{F32BCF6D-7270-4174-93DD-AF6B4853C589}.Release|x86.ActiveCfg = Release|x86
		{F32BCF6D-7270-4174-93DD-AF6B4853C589}.Release|x86.Build.0 = Release|x86
		{8B3E2622-6EE4-4919-9F1C-5C1572AB243B}.Debug|Any CPU.ActiveCfg = Debug|Any CPU
		{8B3E2622-6EE4-4919-9F1C-5C1572AB243B}.Debug|Any CPU.Build.0 = Debug|Any CPU
		{8B3E2622-6EE4-4919-9F1C-5C1572AB243B}.Debug|Mixed Platforms.ActiveCfg = Debug|Any CPU
		{8B3E2622-6EE4-4919-9F1C-5C1572AB243B}.Debug|Mixed Platforms.Build.0 = Debug|Any CPU
		{8B3E2622-6EE4-4919-9F1C-5C1572AB243B}.Debug|x64.ActiveCfg = Debug|Any CPU
		{8B3E2622-6EE4-4919-9F1C-5C1572AB243B}.Debug|x64.Build.0 = Debug|Any CPU
		{8B3E2622-6EE4-4919-9F1C-5C1572AB243B}.Debug|x86.ActiveCfg = Debug|Any CPU
		{8B3E2622-6EE4-4919-9F1C-5C1572AB243B}.DefaultBuild|Any CPU.ActiveCfg = Debug|Any CPU
		{8B3E2622-6EE4-4919-9F1C-5C1572AB243B}.DefaultBuild|Any CPU.Build.0 = Debug|Any CPU
		{8B3E2622-6EE4-4919-9F1C-5C1572AB243B}.DefaultBuild|Mixed Platforms.ActiveCfg = Debug|Any CPU
		{8B3E2622-6EE4-4919-9F1C-5C1572AB243B}.DefaultBuild|Mixed Platforms.Build.0 = Debug|Any CPU
		{8B3E2622-6EE4-4919-9F1C-5C1572AB243B}.DefaultBuild|x64.ActiveCfg = Debug|Any CPU
		{8B3E2622-6EE4-4919-9F1C-5C1572AB243B}.DefaultBuild|x64.Build.0 = Debug|Any CPU
		{8B3E2622-6EE4-4919-9F1C-5C1572AB243B}.DefaultBuild|x86.ActiveCfg = Debug|Any CPU
		{8B3E2622-6EE4-4919-9F1C-5C1572AB243B}.DefaultBuild|x86.Build.0 = Debug|Any CPU
		{8B3E2622-6EE4-4919-9F1C-5C1572AB243B}.Release|Any CPU.ActiveCfg = Release|Any CPU
		{8B3E2622-6EE4-4919-9F1C-5C1572AB243B}.Release|Any CPU.Build.0 = Release|Any CPU
		{8B3E2622-6EE4-4919-9F1C-5C1572AB243B}.Release|Mixed Platforms.ActiveCfg = Release|Any CPU
		{8B3E2622-6EE4-4919-9F1C-5C1572AB243B}.Release|Mixed Platforms.Build.0 = Release|Any CPU
		{8B3E2622-6EE4-4919-9F1C-5C1572AB243B}.Release|x64.ActiveCfg = Release|Any CPU
		{8B3E2622-6EE4-4919-9F1C-5C1572AB243B}.Release|x64.Build.0 = Release|Any CPU
		{8B3E2622-6EE4-4919-9F1C-5C1572AB243B}.Release|x86.ActiveCfg = Release|Any CPU
		{6D3353FD-1949-4361-A7B0-0D09CC217F6D}.Debug|Any CPU.ActiveCfg = Debug|Any CPU
		{6D3353FD-1949-4361-A7B0-0D09CC217F6D}.Debug|Any CPU.Build.0 = Debug|Any CPU
		{6D3353FD-1949-4361-A7B0-0D09CC217F6D}.Debug|Mixed Platforms.ActiveCfg = Debug|Any CPU
		{6D3353FD-1949-4361-A7B0-0D09CC217F6D}.Debug|Mixed Platforms.Build.0 = Debug|Any CPU
		{6D3353FD-1949-4361-A7B0-0D09CC217F6D}.Debug|x64.ActiveCfg = Debug|Any CPU
		{6D3353FD-1949-4361-A7B0-0D09CC217F6D}.Debug|x64.Build.0 = Debug|Any CPU
		{6D3353FD-1949-4361-A7B0-0D09CC217F6D}.Debug|x86.ActiveCfg = Debug|Any CPU
		{6D3353FD-1949-4361-A7B0-0D09CC217F6D}.DefaultBuild|Any CPU.ActiveCfg = Debug|Any CPU
		{6D3353FD-1949-4361-A7B0-0D09CC217F6D}.DefaultBuild|Any CPU.Build.0 = Debug|Any CPU
		{6D3353FD-1949-4361-A7B0-0D09CC217F6D}.DefaultBuild|Mixed Platforms.ActiveCfg = Debug|Any CPU
		{6D3353FD-1949-4361-A7B0-0D09CC217F6D}.DefaultBuild|Mixed Platforms.Build.0 = Debug|Any CPU
		{6D3353FD-1949-4361-A7B0-0D09CC217F6D}.DefaultBuild|x64.ActiveCfg = Debug|Any CPU
		{6D3353FD-1949-4361-A7B0-0D09CC217F6D}.DefaultBuild|x64.Build.0 = Debug|Any CPU
		{6D3353FD-1949-4361-A7B0-0D09CC217F6D}.DefaultBuild|x86.ActiveCfg = Debug|Any CPU
		{6D3353FD-1949-4361-A7B0-0D09CC217F6D}.DefaultBuild|x86.Build.0 = Debug|Any CPU
		{6D3353FD-1949-4361-A7B0-0D09CC217F6D}.Release|Any CPU.ActiveCfg = Release|Any CPU
		{6D3353FD-1949-4361-A7B0-0D09CC217F6D}.Release|Any CPU.Build.0 = Release|Any CPU
		{6D3353FD-1949-4361-A7B0-0D09CC217F6D}.Release|Mixed Platforms.ActiveCfg = Release|Any CPU
		{6D3353FD-1949-4361-A7B0-0D09CC217F6D}.Release|Mixed Platforms.Build.0 = Release|Any CPU
		{6D3353FD-1949-4361-A7B0-0D09CC217F6D}.Release|x64.ActiveCfg = Release|Any CPU
		{6D3353FD-1949-4361-A7B0-0D09CC217F6D}.Release|x64.Build.0 = Release|Any CPU
		{6D3353FD-1949-4361-A7B0-0D09CC217F6D}.Release|x86.ActiveCfg = Release|Any CPU
		{EF4DECFB-9C30-4A62-ABA8-32EF707EA7ED}.Debug|Any CPU.ActiveCfg = Debug|x86
		{EF4DECFB-9C30-4A62-ABA8-32EF707EA7ED}.Debug|Any CPU.Build.0 = Debug|x86
		{EF4DECFB-9C30-4A62-ABA8-32EF707EA7ED}.Debug|Mixed Platforms.ActiveCfg = Debug|x86
		{EF4DECFB-9C30-4A62-ABA8-32EF707EA7ED}.Debug|Mixed Platforms.Build.0 = Debug|x86
		{EF4DECFB-9C30-4A62-ABA8-32EF707EA7ED}.Debug|x64.ActiveCfg = Debug|x86
		{EF4DECFB-9C30-4A62-ABA8-32EF707EA7ED}.Debug|x64.Build.0 = Debug|x86
		{EF4DECFB-9C30-4A62-ABA8-32EF707EA7ED}.Debug|x86.ActiveCfg = Debug|x86
		{EF4DECFB-9C30-4A62-ABA8-32EF707EA7ED}.Debug|x86.Build.0 = Debug|x86
		{EF4DECFB-9C30-4A62-ABA8-32EF707EA7ED}.DefaultBuild|Any CPU.ActiveCfg = Release|x86
		{EF4DECFB-9C30-4A62-ABA8-32EF707EA7ED}.DefaultBuild|Any CPU.Build.0 = Release|x86
		{EF4DECFB-9C30-4A62-ABA8-32EF707EA7ED}.DefaultBuild|Mixed Platforms.ActiveCfg = Debug|x86
		{EF4DECFB-9C30-4A62-ABA8-32EF707EA7ED}.DefaultBuild|Mixed Platforms.Build.0 = Debug|x86
		{EF4DECFB-9C30-4A62-ABA8-32EF707EA7ED}.DefaultBuild|x64.ActiveCfg = Release|x86
		{EF4DECFB-9C30-4A62-ABA8-32EF707EA7ED}.DefaultBuild|x64.Build.0 = Release|x86
		{EF4DECFB-9C30-4A62-ABA8-32EF707EA7ED}.DefaultBuild|x86.ActiveCfg = Debug|x86
		{EF4DECFB-9C30-4A62-ABA8-32EF707EA7ED}.DefaultBuild|x86.Build.0 = Debug|x86
		{EF4DECFB-9C30-4A62-ABA8-32EF707EA7ED}.Release|Any CPU.ActiveCfg = Release|x86
		{EF4DECFB-9C30-4A62-ABA8-32EF707EA7ED}.Release|Mixed Platforms.ActiveCfg = Release|x86
		{EF4DECFB-9C30-4A62-ABA8-32EF707EA7ED}.Release|Mixed Platforms.Build.0 = Release|x86
		{EF4DECFB-9C30-4A62-ABA8-32EF707EA7ED}.Release|x64.ActiveCfg = Release|x86
		{EF4DECFB-9C30-4A62-ABA8-32EF707EA7ED}.Release|x86.ActiveCfg = Release|x86
		{EF4DECFB-9C30-4A62-ABA8-32EF707EA7ED}.Release|x86.Build.0 = Release|x86
		{563F6397-72E6-4C03-AD8E-49BEE03EB761}.Debug|Any CPU.ActiveCfg = Debug|x86
		{563F6397-72E6-4C03-AD8E-49BEE03EB761}.Debug|Any CPU.Build.0 = Debug|x86
		{563F6397-72E6-4C03-AD8E-49BEE03EB761}.Debug|Mixed Platforms.ActiveCfg = Debug|x86
		{563F6397-72E6-4C03-AD8E-49BEE03EB761}.Debug|Mixed Platforms.Build.0 = Debug|x86
		{563F6397-72E6-4C03-AD8E-49BEE03EB761}.Debug|x64.ActiveCfg = Debug|x86
		{563F6397-72E6-4C03-AD8E-49BEE03EB761}.Debug|x64.Build.0 = Debug|x86
		{563F6397-72E6-4C03-AD8E-49BEE03EB761}.Debug|x86.ActiveCfg = Debug|x86
		{563F6397-72E6-4C03-AD8E-49BEE03EB761}.Debug|x86.Build.0 = Debug|x86
		{563F6397-72E6-4C03-AD8E-49BEE03EB761}.DefaultBuild|Any CPU.ActiveCfg = Release|x86
		{563F6397-72E6-4C03-AD8E-49BEE03EB761}.DefaultBuild|Any CPU.Build.0 = Release|x86
		{563F6397-72E6-4C03-AD8E-49BEE03EB761}.DefaultBuild|Mixed Platforms.ActiveCfg = Debug|x86
		{563F6397-72E6-4C03-AD8E-49BEE03EB761}.DefaultBuild|Mixed Platforms.Build.0 = Debug|x86
		{563F6397-72E6-4C03-AD8E-49BEE03EB761}.DefaultBuild|x64.ActiveCfg = Release|x86
		{563F6397-72E6-4C03-AD8E-49BEE03EB761}.DefaultBuild|x64.Build.0 = Release|x86
		{563F6397-72E6-4C03-AD8E-49BEE03EB761}.DefaultBuild|x86.ActiveCfg = Debug|x86
		{563F6397-72E6-4C03-AD8E-49BEE03EB761}.DefaultBuild|x86.Build.0 = Debug|x86
		{563F6397-72E6-4C03-AD8E-49BEE03EB761}.Release|Any CPU.ActiveCfg = Release|x86
		{563F6397-72E6-4C03-AD8E-49BEE03EB761}.Release|Mixed Platforms.ActiveCfg = Release|x86
		{563F6397-72E6-4C03-AD8E-49BEE03EB761}.Release|Mixed Platforms.Build.0 = Release|x86
		{563F6397-72E6-4C03-AD8E-49BEE03EB761}.Release|x64.ActiveCfg = Release|x86
		{563F6397-72E6-4C03-AD8E-49BEE03EB761}.Release|x86.ActiveCfg = Release|x86
		{563F6397-72E6-4C03-AD8E-49BEE03EB761}.Release|x86.Build.0 = Release|x86
		{6E7AED5D-8E05-4F0A-BF6F-14D753731C39}.Debug|Any CPU.ActiveCfg = Debug
		{6E7AED5D-8E05-4F0A-BF6F-14D753731C39}.Debug|Mixed Platforms.ActiveCfg = Debug
		{6E7AED5D-8E05-4F0A-BF6F-14D753731C39}.Debug|x64.ActiveCfg = Debug
		{6E7AED5D-8E05-4F0A-BF6F-14D753731C39}.Debug|x86.ActiveCfg = Debug
		{6E7AED5D-8E05-4F0A-BF6F-14D753731C39}.DefaultBuild|Any CPU.ActiveCfg = Debug
		{6E7AED5D-8E05-4F0A-BF6F-14D753731C39}.DefaultBuild|Mixed Platforms.ActiveCfg = Debug
		{6E7AED5D-8E05-4F0A-BF6F-14D753731C39}.DefaultBuild|x64.ActiveCfg = Debug
		{6E7AED5D-8E05-4F0A-BF6F-14D753731C39}.DefaultBuild|x64.Build.0 = Debug
		{6E7AED5D-8E05-4F0A-BF6F-14D753731C39}.DefaultBuild|x86.ActiveCfg = Debug
		{6E7AED5D-8E05-4F0A-BF6F-14D753731C39}.Release|Any CPU.ActiveCfg = Release
		{6E7AED5D-8E05-4F0A-BF6F-14D753731C39}.Release|Mixed Platforms.ActiveCfg = Release
		{6E7AED5D-8E05-4F0A-BF6F-14D753731C39}.Release|x64.ActiveCfg = Release
		{6E7AED5D-8E05-4F0A-BF6F-14D753731C39}.Release|x64.Build.0 = Release
		{6E7AED5D-8E05-4F0A-BF6F-14D753731C39}.Release|x86.ActiveCfg = Release
		{9D4BF127-D11F-4102-B94F-FE8AE1016412}.Debug|Any CPU.ActiveCfg = Debug
		{9D4BF127-D11F-4102-B94F-FE8AE1016412}.Debug|Mixed Platforms.ActiveCfg = Debug
		{9D4BF127-D11F-4102-B94F-FE8AE1016412}.Debug|x64.ActiveCfg = Debug
		{9D4BF127-D11F-4102-B94F-FE8AE1016412}.Debug|x86.ActiveCfg = Debug
		{9D4BF127-D11F-4102-B94F-FE8AE1016412}.DefaultBuild|Any CPU.ActiveCfg = Debug
		{9D4BF127-D11F-4102-B94F-FE8AE1016412}.DefaultBuild|Mixed Platforms.ActiveCfg = Debug
		{9D4BF127-D11F-4102-B94F-FE8AE1016412}.DefaultBuild|x64.ActiveCfg = Debug
		{9D4BF127-D11F-4102-B94F-FE8AE1016412}.DefaultBuild|x64.Build.0 = Debug
		{9D4BF127-D11F-4102-B94F-FE8AE1016412}.DefaultBuild|x86.ActiveCfg = Debug
		{9D4BF127-D11F-4102-B94F-FE8AE1016412}.Release|Any CPU.ActiveCfg = Release
		{9D4BF127-D11F-4102-B94F-FE8AE1016412}.Release|Mixed Platforms.ActiveCfg = Release
		{9D4BF127-D11F-4102-B94F-FE8AE1016412}.Release|x64.ActiveCfg = Release
		{9D4BF127-D11F-4102-B94F-FE8AE1016412}.Release|x64.Build.0 = Release
		{9D4BF127-D11F-4102-B94F-FE8AE1016412}.Release|x86.ActiveCfg = Release
		{4CFA6A58-CE47-4B65-84B6-83B3A8D2FB56}.Debug|Any CPU.ActiveCfg = Debug
		{4CFA6A58-CE47-4B65-84B6-83B3A8D2FB56}.Debug|Mixed Platforms.ActiveCfg = Debug
		{4CFA6A58-CE47-4B65-84B6-83B3A8D2FB56}.Debug|x64.ActiveCfg = Debug
		{4CFA6A58-CE47-4B65-84B6-83B3A8D2FB56}.Debug|x86.ActiveCfg = Debug
		{4CFA6A58-CE47-4B65-84B6-83B3A8D2FB56}.DefaultBuild|Any CPU.ActiveCfg = Debug
		{4CFA6A58-CE47-4B65-84B6-83B3A8D2FB56}.DefaultBuild|Mixed Platforms.ActiveCfg = Debug
		{4CFA6A58-CE47-4B65-84B6-83B3A8D2FB56}.DefaultBuild|x64.ActiveCfg = Debug
		{4CFA6A58-CE47-4B65-84B6-83B3A8D2FB56}.DefaultBuild|x64.Build.0 = Debug
		{4CFA6A58-CE47-4B65-84B6-83B3A8D2FB56}.DefaultBuild|x86.ActiveCfg = Debug
		{4CFA6A58-CE47-4B65-84B6-83B3A8D2FB56}.Release|Any CPU.ActiveCfg = Release
		{4CFA6A58-CE47-4B65-84B6-83B3A8D2FB56}.Release|Mixed Platforms.ActiveCfg = Release
		{4CFA6A58-CE47-4B65-84B6-83B3A8D2FB56}.Release|x64.ActiveCfg = Release
		{4CFA6A58-CE47-4B65-84B6-83B3A8D2FB56}.Release|x64.Build.0 = Release
		{4CFA6A58-CE47-4B65-84B6-83B3A8D2FB56}.Release|x86.ActiveCfg = Release
		{517D6336-F902-49F6-86C1-49AE7868E4A5}.Debug|Any CPU.ActiveCfg = Debug
		{517D6336-F902-49F6-86C1-49AE7868E4A5}.Debug|Mixed Platforms.ActiveCfg = Debug
		{517D6336-F902-49F6-86C1-49AE7868E4A5}.Debug|x64.ActiveCfg = Debug
		{517D6336-F902-49F6-86C1-49AE7868E4A5}.Debug|x86.ActiveCfg = Debug
		{517D6336-F902-49F6-86C1-49AE7868E4A5}.DefaultBuild|Any CPU.ActiveCfg = Debug
		{517D6336-F902-49F6-86C1-49AE7868E4A5}.DefaultBuild|Mixed Platforms.ActiveCfg = Debug
		{517D6336-F902-49F6-86C1-49AE7868E4A5}.DefaultBuild|x64.ActiveCfg = Debug
		{517D6336-F902-49F6-86C1-49AE7868E4A5}.DefaultBuild|x86.ActiveCfg = Debug
		{517D6336-F902-49F6-86C1-49AE7868E4A5}.Release|Any CPU.ActiveCfg = Release
		{517D6336-F902-49F6-86C1-49AE7868E4A5}.Release|Mixed Platforms.ActiveCfg = Release
		{517D6336-F902-49F6-86C1-49AE7868E4A5}.Release|x64.ActiveCfg = Release
		{517D6336-F902-49F6-86C1-49AE7868E4A5}.Release|x86.ActiveCfg = Release
		{7E77C56E-172B-40C1-B042-DD943237CBCF}.Debug|Any CPU.ActiveCfg = Debug
		{7E77C56E-172B-40C1-B042-DD943237CBCF}.Debug|Mixed Platforms.ActiveCfg = Debug
		{7E77C56E-172B-40C1-B042-DD943237CBCF}.Debug|x64.ActiveCfg = Debug
		{7E77C56E-172B-40C1-B042-DD943237CBCF}.Debug|x86.ActiveCfg = Debug
		{7E77C56E-172B-40C1-B042-DD943237CBCF}.DefaultBuild|Any CPU.ActiveCfg = Debug
		{7E77C56E-172B-40C1-B042-DD943237CBCF}.DefaultBuild|Mixed Platforms.ActiveCfg = Debug
		{7E77C56E-172B-40C1-B042-DD943237CBCF}.DefaultBuild|x64.ActiveCfg = Debug
		{7E77C56E-172B-40C1-B042-DD943237CBCF}.DefaultBuild|x86.ActiveCfg = Debug
		{7E77C56E-172B-40C1-B042-DD943237CBCF}.Release|Any CPU.ActiveCfg = Release
		{7E77C56E-172B-40C1-B042-DD943237CBCF}.Release|Mixed Platforms.ActiveCfg = Release
		{7E77C56E-172B-40C1-B042-DD943237CBCF}.Release|x64.ActiveCfg = Release
		{7E77C56E-172B-40C1-B042-DD943237CBCF}.Release|x86.ActiveCfg = Release
		{8920F586-0FC0-4532-8DFC-22D40ECA9DE3}.Debug|Any CPU.ActiveCfg = Debug
		{8920F586-0FC0-4532-8DFC-22D40ECA9DE3}.Debug|Mixed Platforms.ActiveCfg = Debug
		{8920F586-0FC0-4532-8DFC-22D40ECA9DE3}.Debug|x64.ActiveCfg = Debug
		{8920F586-0FC0-4532-8DFC-22D40ECA9DE3}.Debug|x86.ActiveCfg = Debug
		{8920F586-0FC0-4532-8DFC-22D40ECA9DE3}.DefaultBuild|Any CPU.ActiveCfg = Debug
		{8920F586-0FC0-4532-8DFC-22D40ECA9DE3}.DefaultBuild|Mixed Platforms.ActiveCfg = Debug
		{8920F586-0FC0-4532-8DFC-22D40ECA9DE3}.DefaultBuild|x64.ActiveCfg = Debug
		{8920F586-0FC0-4532-8DFC-22D40ECA9DE3}.DefaultBuild|x86.ActiveCfg = Debug
		{8920F586-0FC0-4532-8DFC-22D40ECA9DE3}.Release|Any CPU.ActiveCfg = Release
		{8920F586-0FC0-4532-8DFC-22D40ECA9DE3}.Release|Mixed Platforms.ActiveCfg = Release
		{8920F586-0FC0-4532-8DFC-22D40ECA9DE3}.Release|x64.ActiveCfg = Release
		{8920F586-0FC0-4532-8DFC-22D40ECA9DE3}.Release|x86.ActiveCfg = Release
	EndGlobalSection
	GlobalSection(SolutionProperties) = preSolution
		HideSolutionNode = FALSE
	EndGlobalSection
	GlobalSection(ExtensibilityGlobals) = postSolution
		SolutionGuid = {61FBFD86-DDB7-46A2-A05E-A4384FC9CB13}
	EndGlobalSection
	GlobalSection(TeamFoundationVersionControl) = preSolution
		SccNumberOfProjects = 12
		SccEnterpriseProvider = {4CA58AB2-18FA-4F8D-95D4-32DDF27D184C}
		SccTeamFoundationServer = http://104.254.244.194:8080/tfs/crconsulting
		SccLocalPath0 = .
		SccProjectUniqueName1 = PuntoVenta\\PuntoVenta.vbproj
		SccProjectName1 = PuntoVenta
		SccLocalPath1 = PuntoVenta
		SccProjectUniqueName2 = Connection\\Connection.vbproj
		SccProjectName2 = Connection
		SccLocalPath2 = Connection
		SccProjectUniqueName3 = Business\\Business.vbproj
		SccProjectName3 = Business
		SccLocalPath3 = Business
		SccProjectUniqueName4 = Inventario\\Inventario.vbproj
		SccProjectName4 = Inventario
		SccLocalPath4 = Inventario
		SccProjectUniqueName5 = Compras\\Compras.vbproj
		SccProjectName5 = Compras
		SccLocalPath5 = Compras
		SccProjectUniqueName6 = InstaladorPuntoVenta\\InstaladorPuntoVenta.vdproj
		SccProjectName6 = InstaladorPuntoVenta
		SccLocalPath6 = InstaladorPuntoVenta
		SccProjectUniqueName7 = InstaladorCompras\\InstaladorCompras.vdproj
		SccProjectName7 = InstaladorCompras
		SccLocalPath7 = InstaladorCompras
		SccProjectUniqueName8 = InstaladorInventario\\InstaladorInventario.vdproj
		SccProjectName8 = InstaladorInventario
		SccLocalPath8 = InstaladorInventario
		SccProjectUniqueName9 = InstaladorPuntoVenta32\\InstaladorPuntoVenta32.vdproj
		SccProjectName9 = InstaladorPuntoVenta32
		SccLocalPath9 = InstaladorPuntoVenta32
		SccProjectUniqueName10 = InstladorCompras32\\InstladorCompras32.vdproj
		SccProjectName10 = InstladorCompras32
		SccLocalPath10 = InstladorCompras32
		SccProjectUniqueName11 = InstaladorInventario32\\InstaladorInventario32.vdproj
		SccProjectName11 = InstaladorInventario32
		SccLocalPath11 = InstaladorInventario32
	EndGlobalSection
EndGlobal
